// !$*UTF8*$!
{
	archiveVersion = 1;
	classes = {
	};
	objectVersion = 48;
	objects = {

/* Begin PBXBuildFile section */
		4C45E547206A479900D884E2 /* Localizable.strings in Resources */ = {isa = PBXBuildFile; fileRef = 4C45E549206A479900D884E2 /* Localizable.strings */; };
		4C45E54C206A479900D884E2 /* InfoPlist.strings in Resources */ = {isa = PBXBuildFile; fileRef = 4C45E54E206A479900D884E2 /* InfoPlist.strings */; };
		4C6288D92068E19200BF61A5 /* AppDelegate.swift in Sources */ = {isa = PBXBuildFile; fileRef = 4C6288D82068E19200BF61A5 /* AppDelegate.swift */; };
		4C6288DB2068E19200BF61A5 /* Assets.xcassets in Resources */ = {isa = PBXBuildFile; fileRef = 4C6288DA2068E19200BF61A5 /* Assets.xcassets */; };
		4C6288DE2068E19200BF61A5 /* MainMenu.xib in Resources */ = {isa = PBXBuildFile; fileRef = 4C6288DC2068E19200BF61A5 /* MainMenu.xib */; };
		4C6288EE2068E1C500BF61A5 /* SMCWrapper.m in Sources */ = {isa = PBXBuildFile; fileRef = 4C6288ED2068E1C500BF61A5 /* SMCWrapper.m */; };
		4CB760F92069F087009076E7 /* PreferencesWindowController.swift in Sources */ = {isa = PBXBuildFile; fileRef = 4CB760F82069F087009076E7 /* PreferencesWindowController.swift */; };
		4CB760FC206A1014009076E7 /* PreferenceViewController.swift in Sources */ = {isa = PBXBuildFile; fileRef = 4CB760FB206A1014009076E7 /* PreferenceViewController.swift */; };
		4CB76101206A124C009076E7 /* GeneralPreferenceViewController.swift in Sources */ = {isa = PBXBuildFile; fileRef = 4CB760FF206A124C009076E7 /* GeneralPreferenceViewController.swift */; };
		4CD04291206B760E0076390B /* GeneralPreferenceViewController.xib in Resources */ = {isa = PBXBuildFile; fileRef = 4CD04293206B760E0076390B /* GeneralPreferenceViewController.xib */; };
		66800FF02135B4CF003FC1E1 /* TemperatureTests.swift in Sources */ = {isa = PBXBuildFile; fileRef = 66800FEF2135B4CF003FC1E1 /* TemperatureTests.swift */; };
/* End PBXBuildFile section */

/* Begin PBXContainerItemProxy section */
		66800FF22135B4CF003FC1E1 /* PBXContainerItemProxy */ = {
			isa = PBXContainerItemProxy;
			containerPortal = 4C6288CD2068E19200BF61A5 /* Project object */;
			proxyType = 1;
			remoteGlobalIDString = 4C6288D42068E19200BF61A5;
			remoteInfo = Temperature;
		};
/* End PBXContainerItemProxy section */

/* Begin PBXFileReference section */
		4C45E538206A443900D884E2 /* zh-Hans */ = {isa = PBXFileReference; lastKnownFileType = text.plist.strings; name = "zh-Hans"; path = "zh-Hans.lproj/MainMenu.strings"; sourceTree = "<group>"; };
		4C45E548206A479900D884E2 /* zh-Hans */ = {isa = PBXFileReference; lastKnownFileType = text.plist.strings; name = "zh-Hans"; path = "zh-Hans.lproj/Localizable.strings"; sourceTree = "<group>"; };
		4C45E54D206A479900D884E2 /* zh-Hans */ = {isa = PBXFileReference; lastKnownFileType = text.plist.strings; name = "zh-Hans"; path = "zh-Hans.lproj/InfoPlist.strings"; sourceTree = "<group>"; };
		4C6288D52068E19200BF61A5 /* Temperature.app */ = {isa = PBXFileReference; explicitFileType = wrapper.application; includeInIndex = 0; path = Temperature.app; sourceTree = BUILT_PRODUCTS_DIR; };
		4C6288D82068E19200BF61A5 /* AppDelegate.swift */ = {isa = PBXFileReference; lastKnownFileType = sourcecode.swift; path = AppDelegate.swift; sourceTree = "<group>"; };
		4C6288DA2068E19200BF61A5 /* Assets.xcassets */ = {isa = PBXFileReference; lastKnownFileType = folder.assetcatalog; path = Assets.xcassets; sourceTree = "<group>"; };
		4C6288DD2068E19200BF61A5 /* Base */ = {isa = PBXFileReference; lastKnownFileType = file.xib; name = Base; path = Base.lproj/MainMenu.xib; sourceTree = "<group>"; };
		4C6288DF2068E19200BF61A5 /* Info.plist */ = {isa = PBXFileReference; lastKnownFileType = text.plist.xml; path = Info.plist; sourceTree = "<group>"; };
		4C6288E02068E19200BF61A5 /* Temperature.entitlements */ = {isa = PBXFileReference; lastKnownFileType = text.plist.entitlements; path = Temperature.entitlements; sourceTree = "<group>"; };
		4C6288E62068E1A800BF61A5 /* Temperature-Bridging-Header.h */ = {isa = PBXFileReference; lastKnownFileType = sourcecode.c.h; path = "Temperature-Bridging-Header.h"; sourceTree = "<group>"; };
		4C6288EB2068E1C500BF61A5 /* SMCWrapper.h */ = {isa = PBXFileReference; fileEncoding = 4; lastKnownFileType = sourcecode.c.h; path = SMCWrapper.h; sourceTree = "<group>"; };
		4C6288EC2068E1C500BF61A5 /* smc.h */ = {isa = PBXFileReference; fileEncoding = 4; lastKnownFileType = sourcecode.c.h; path = smc.h; sourceTree = "<group>"; };
		4C6288ED2068E1C500BF61A5 /* SMCWrapper.m */ = {isa = PBXFileReference; fileEncoding = 4; lastKnownFileType = sourcecode.c.objc; path = SMCWrapper.m; sourceTree = "<group>"; };
		4CB760F82069F087009076E7 /* PreferencesWindowController.swift */ = {isa = PBXFileReference; lastKnownFileType = sourcecode.swift; path = PreferencesWindowController.swift; sourceTree = "<group>"; };
		4CB760FB206A1014009076E7 /* PreferenceViewController.swift */ = {isa = PBXFileReference; lastKnownFileType = sourcecode.swift; path = PreferenceViewController.swift; sourceTree = "<group>"; };
		4CB760FF206A124C009076E7 /* GeneralPreferenceViewController.swift */ = {isa = PBXFileReference; lastKnownFileType = sourcecode.swift; path = GeneralPreferenceViewController.swift; sourceTree = "<group>"; };
		4CD04292206B760E0076390B /* Base */ = {isa = PBXFileReference; lastKnownFileType = file.xib; name = Base; path = Base.lproj/GeneralPreferenceViewController.xib; sourceTree = "<group>"; };
		4CD04295206B76140076390B /* zh-Hans */ = {isa = PBXFileReference; lastKnownFileType = text.plist.strings; name = "zh-Hans"; path = "zh-Hans.lproj/GeneralPreferenceViewController.strings"; sourceTree = "<group>"; };
		66800FED2135B4CF003FC1E1 /* TemperatureTests.xctest */ = {isa = PBXFileReference; explicitFileType = wrapper.cfbundle; includeInIndex = 0; path = TemperatureTests.xctest; sourceTree = BUILT_PRODUCTS_DIR; };
		66800FEF2135B4CF003FC1E1 /* TemperatureTests.swift */ = {isa = PBXFileReference; lastKnownFileType = sourcecode.swift; path = TemperatureTests.swift; sourceTree = "<group>"; };
		66800FF12135B4CF003FC1E1 /* Info.plist */ = {isa = PBXFileReference; lastKnownFileType = text.plist.xml; path = Info.plist; sourceTree = "<group>"; };
/* End PBXFileReference section */

/* Begin PBXFrameworksBuildPhase section */
		4C6288D22068E19200BF61A5 /* Frameworks */ = {
			isa = PBXFrameworksBuildPhase;
			buildActionMask = 2147483647;
			files = (
			);
			runOnlyForDeploymentPostprocessing = 0;
		};
		66800FEA2135B4CF003FC1E1 /* Frameworks */ = {
			isa = PBXFrameworksBuildPhase;
			buildActionMask = 2147483647;
			files = (
			);
			runOnlyForDeploymentPostprocessing = 0;
		};
/* End PBXFrameworksBuildPhase section */

/* Begin PBXGroup section */
		4C6288CC2068E19200BF61A5 = {
			isa = PBXGroup;
			children = (
				4C6288D72068E19200BF61A5 /* Temperature */,
				66800FEE2135B4CF003FC1E1 /* TemperatureTests */,
				4C6288D62068E19200BF61A5 /* Products */,
				4C6288E62068E1A800BF61A5 /* Temperature-Bridging-Header.h */,
				4C6288EA2068E1C500BF61A5 /* SMCWrapper */,
			);
			sourceTree = "<group>";
		};
		4C6288D62068E19200BF61A5 /* Products */ = {
			isa = PBXGroup;
			children = (
				4C6288D52068E19200BF61A5 /* Temperature.app */,
				66800FED2135B4CF003FC1E1 /* TemperatureTests.xctest */,
			);
			name = Products;
			sourceTree = "<group>";
		};
		4C6288D72068E19200BF61A5 /* Temperature */ = {
			isa = PBXGroup;
			children = (
				4C45E54E206A479900D884E2 /* InfoPlist.strings */,
				4C45E549206A479900D884E2 /* Localizable.strings */,
				4C6288D82068E19200BF61A5 /* AppDelegate.swift */,
				4C6288DA2068E19200BF61A5 /* Assets.xcassets */,
				4C6288DC2068E19200BF61A5 /* MainMenu.xib */,
				4C6288DF2068E19200BF61A5 /* Info.plist */,
				4C6288E02068E19200BF61A5 /* Temperature.entitlements */,
				4CB760FE206A11F9009076E7 /* Preferences */,
			);
			path = Temperature;
			sourceTree = "<group>";
		};
		4C6288EA2068E1C500BF61A5 /* SMCWrapper */ = {
			isa = PBXGroup;
			children = (
				4C6288EB2068E1C500BF61A5 /* SMCWrapper.h */,
				4C6288EC2068E1C500BF61A5 /* smc.h */,
				4C6288ED2068E1C500BF61A5 /* SMCWrapper.m */,
			);
			path = SMCWrapper;
			sourceTree = "<group>";
		};
		4CB760FE206A11F9009076E7 /* Preferences */ = {
			isa = PBXGroup;
			children = (
				4CB760F82069F087009076E7 /* PreferencesWindowController.swift */,
				4CB760FB206A1014009076E7 /* PreferenceViewController.swift */,
				4CB760FF206A124C009076E7 /* GeneralPreferenceViewController.swift */,
				4CD04293206B760E0076390B /* GeneralPreferenceViewController.xib */,
			);
			path = Preferences;
			sourceTree = "<group>";
		};
		66800FEE2135B4CF003FC1E1 /* TemperatureTests */ = {
			isa = PBXGroup;
			children = (
				66800FEF2135B4CF003FC1E1 /* TemperatureTests.swift */,
				66800FF12135B4CF003FC1E1 /* Info.plist */,
			);
			path = TemperatureTests;
			sourceTree = "<group>";
		};
/* End PBXGroup section */

/* Begin PBXNativeTarget section */
		4C6288D42068E19200BF61A5 /* Temperature */ = {
			isa = PBXNativeTarget;
			buildConfigurationList = 4C6288E32068E19200BF61A5 /* Build configuration list for PBXNativeTarget "Temperature" */;
			buildPhases = (
				4C6288D12068E19200BF61A5 /* Sources */,
				4C6288D22068E19200BF61A5 /* Frameworks */,
				4C6288D32068E19200BF61A5 /* Resources */,
			);
			buildRules = (
			);
			dependencies = (
			);
			name = Temperature;
			productName = Temperature;
			productReference = 4C6288D52068E19200BF61A5 /* Temperature.app */;
			productType = "com.apple.product-type.application";
		};
		66800FEC2135B4CF003FC1E1 /* TemperatureTests */ = {
			isa = PBXNativeTarget;
			buildConfigurationList = 66800FF62135B4CF003FC1E1 /* Build configuration list for PBXNativeTarget "TemperatureTests" */;
			buildPhases = (
				66800FE92135B4CF003FC1E1 /* Sources */,
				66800FEA2135B4CF003FC1E1 /* Frameworks */,
				66800FEB2135B4CF003FC1E1 /* Resources */,
			);
			buildRules = (
			);
			dependencies = (
				66800FF32135B4CF003FC1E1 /* PBXTargetDependency */,
			);
			name = TemperatureTests;
			productName = TemperatureTests;
			productReference = 66800FED2135B4CF003FC1E1 /* TemperatureTests.xctest */;
			productType = "com.apple.product-type.bundle.unit-test";
		};
/* End PBXNativeTarget section */

/* Begin PBXProject section */
		4C6288CD2068E19200BF61A5 /* Project object */ = {
			isa = PBXProject;
			attributes = {
				LastSwiftUpdateCheck = 0940;
				LastUpgradeCheck = 0940;
				ORGANIZATIONNAME = Destiny;
				TargetAttributes = {
					4C6288D42068E19200BF61A5 = {
						CreatedOnToolsVersion = 9.2;
						LastSwiftMigration = 1010;
						ProvisioningStyle = Automatic;
						SystemCapabilities = {
							com.apple.Sandbox = {
								enabled = 0;
							};
						};
					};
					66800FEC2135B4CF003FC1E1 = {
						CreatedOnToolsVersion = 9.4.1;
						LastSwiftMigration = 1010;
						ProvisioningStyle = Automatic;
						TestTargetID = 4C6288D42068E19200BF61A5;
					};
				};
			};
			buildConfigurationList = 4C6288D02068E19200BF61A5 /* Build configuration list for PBXProject "Temperature" */;
			compatibilityVersion = "Xcode 8.0";
			developmentRegion = en;
			hasScannedForEncodings = 0;
			knownRegions = (
				en,
				Base,
				"zh-Hans",
			);
			mainGroup = 4C6288CC2068E19200BF61A5;
			productRefGroup = 4C6288D62068E19200BF61A5 /* Products */;
			projectDirPath = "";
			projectRoot = "";
			targets = (
				4C6288D42068E19200BF61A5 /* Temperature */,
				66800FEC2135B4CF003FC1E1 /* TemperatureTests */,
			);
		};
/* End PBXProject section */

/* Begin PBXResourcesBuildPhase section */
		4C6288D32068E19200BF61A5 /* Resources */ = {
			isa = PBXResourcesBuildPhase;
			buildActionMask = 2147483647;
			files = (
				4C6288DB2068E19200BF61A5 /* Assets.xcassets in Resources */,
				4C45E547206A479900D884E2 /* Localizable.strings in Resources */,
				4C6288DE2068E19200BF61A5 /* MainMenu.xib in Resources */,
				4CD04291206B760E0076390B /* GeneralPreferenceViewController.xib in Resources */,
				4C45E54C206A479900D884E2 /* InfoPlist.strings in Resources */,
			);
			runOnlyForDeploymentPostprocessing = 0;
		};
		66800FEB2135B4CF003FC1E1 /* Resources */ = {
			isa = PBXResourcesBuildPhase;
			buildActionMask = 2147483647;
			files = (
			);
			runOnlyForDeploymentPostprocessing = 0;
		};
/* End PBXResourcesBuildPhase section */

/* Begin PBXSourcesBuildPhase section */
		4C6288D12068E19200BF61A5 /* Sources */ = {
			isa = PBXSourcesBuildPhase;
			buildActionMask = 2147483647;
			files = (
				4CB76101206A124C009076E7 /* GeneralPreferenceViewController.swift in Sources */,
				4CB760F92069F087009076E7 /* PreferencesWindowController.swift in Sources */,
				4C6288D92068E19200BF61A5 /* AppDelegate.swift in Sources */,
				4C6288EE2068E1C500BF61A5 /* SMCWrapper.m in Sources */,
				4CB760FC206A1014009076E7 /* PreferenceViewController.swift in Sources */,
			);
			runOnlyForDeploymentPostprocessing = 0;
		};
		66800FE92135B4CF003FC1E1 /* Sources */ = {
			isa = PBXSourcesBuildPhase;
			buildActionMask = 2147483647;
			files = (
				66800FF02135B4CF003FC1E1 /* TemperatureTests.swift in Sources */,
			);
			runOnlyForDeploymentPostprocessing = 0;
		};
/* End PBXSourcesBuildPhase section */

/* Begin PBXTargetDependency section */
		66800FF32135B4CF003FC1E1 /* PBXTargetDependency */ = {
			isa = PBXTargetDependency;
			target = 4C6288D42068E19200BF61A5 /* Temperature */;
			targetProxy = 66800FF22135B4CF003FC1E1 /* PBXContainerItemProxy */;
		};
/* End PBXTargetDependency section */

/* Begin PBXVariantGroup section */
		4C45E549206A479900D884E2 /* Localizable.strings */ = {
			isa = PBXVariantGroup;
			children = (
				4C45E548206A479900D884E2 /* zh-Hans */,
			);
			name = Localizable.strings;
			sourceTree = "<group>";
		};
		4C45E54E206A479900D884E2 /* InfoPlist.strings */ = {
			isa = PBXVariantGroup;
			children = (
				4C45E54D206A479900D884E2 /* zh-Hans */,
			);
			name = InfoPlist.strings;
			sourceTree = "<group>";
		};
		4C6288DC2068E19200BF61A5 /* MainMenu.xib */ = {
			isa = PBXVariantGroup;
			children = (
				4C6288DD2068E19200BF61A5 /* Base */,
				4C45E538206A443900D884E2 /* zh-Hans */,
			);
			name = MainMenu.xib;
			sourceTree = "<group>";
		};
		4CD04293206B760E0076390B /* GeneralPreferenceViewController.xib */ = {
			isa = PBXVariantGroup;
			children = (
				4CD04292206B760E0076390B /* Base */,
				4CD04295206B76140076390B /* zh-Hans */,
			);
			name = GeneralPreferenceViewController.xib;
			sourceTree = "<group>";
		};
/* End PBXVariantGroup section */

/* Begin XCBuildConfiguration section */
		4C6288E12068E19200BF61A5 /* Debug */ = {
			isa = XCBuildConfiguration;
			buildSettings = {
				ALWAYS_SEARCH_USER_PATHS = NO;
				CLANG_ANALYZER_LOCALIZABILITY_NONLOCALIZED = YES;
				CLANG_ANALYZER_NONNULL = YES;
				CLANG_ANALYZER_NUMBER_OBJECT_CONVERSION = YES_AGGRESSIVE;
				CLANG_CXX_LANGUAGE_STANDARD = "gnu++14";
				CLANG_CXX_LIBRARY = "libc++";
				CLANG_ENABLE_MODULES = YES;
				CLANG_ENABLE_OBJC_ARC = YES;
				CLANG_WARN_BLOCK_CAPTURE_AUTORELEASING = YES;
				CLANG_WARN_BOOL_CONVERSION = YES;
				CLANG_WARN_COMMA = YES;
				CLANG_WARN_CONSTANT_CONVERSION = YES;
				CLANG_WARN_DEPRECATED_OBJC_IMPLEMENTATIONS = YES;
				CLANG_WARN_DIRECT_OBJC_ISA_USAGE = YES_ERROR;
				CLANG_WARN_DOCUMENTATION_COMMENTS = YES;
				CLANG_WARN_EMPTY_BODY = YES;
				CLANG_WARN_ENUM_CONVERSION = YES;
				CLANG_WARN_INFINITE_RECURSION = YES;
				CLANG_WARN_INT_CONVERSION = YES;
				CLANG_WARN_NON_LITERAL_NULL_CONVERSION = YES;
				CLANG_WARN_OBJC_IMPLICIT_RETAIN_SELF = YES;
				CLANG_WARN_OBJC_LITERAL_CONVERSION = YES;
				CLANG_WARN_OBJC_ROOT_CLASS = YES_ERROR;
				CLANG_WARN_RANGE_LOOP_ANALYSIS = YES;
				CLANG_WARN_STRICT_PROTOTYPES = YES;
				CLANG_WARN_SUSPICIOUS_MOVE = YES;
				CLANG_WARN_UNGUARDED_AVAILABILITY = YES_AGGRESSIVE;
				CLANG_WARN_UNREACHABLE_CODE = YES;
				CLANG_WARN__DUPLICATE_METHOD_MATCH = YES;
				CODE_SIGN_IDENTITY = "Mac Developer";
				COPY_PHASE_STRIP = NO;
				DEBUG_INFORMATION_FORMAT = dwarf;
				ENABLE_STRICT_OBJC_MSGSEND = YES;
				ENABLE_TESTABILITY = YES;
				GCC_C_LANGUAGE_STANDARD = gnu11;
				GCC_DYNAMIC_NO_PIC = NO;
				GCC_NO_COMMON_BLOCKS = YES;
				GCC_OPTIMIZATION_LEVEL = 0;
				GCC_PREPROCESSOR_DEFINITIONS = (
					"DEBUG=1",
					"$(inherited)",
				);
				GCC_WARN_64_TO_32_BIT_CONVERSION = YES;
				GCC_WARN_ABOUT_RETURN_TYPE = YES_ERROR;
				GCC_WARN_UNDECLARED_SELECTOR = YES;
				GCC_WARN_UNINITIALIZED_AUTOS = YES_AGGRESSIVE;
				GCC_WARN_UNUSED_FUNCTION = YES;
				GCC_WARN_UNUSED_VARIABLE = YES;
				MACOSX_DEPLOYMENT_TARGET = 10.11;
				MTL_ENABLE_DEBUG_INFO = YES;
				ONLY_ACTIVE_ARCH = YES;
				SDKROOT = macosx;
				SWIFT_ACTIVE_COMPILATION_CONDITIONS = DEBUG;
				SWIFT_OPTIMIZATION_LEVEL = "-Onone";
			};
			name = Debug;
		};
		4C6288E22068E19200BF61A5 /* Release */ = {
			isa = XCBuildConfiguration;
			buildSettings = {
				ALWAYS_SEARCH_USER_PATHS = NO;
				CLANG_ANALYZER_LOCALIZABILITY_NONLOCALIZED = YES;
				CLANG_ANALYZER_NONNULL = YES;
				CLANG_ANALYZER_NUMBER_OBJECT_CONVERSION = YES_AGGRESSIVE;
				CLANG_CXX_LANGUAGE_STANDARD = "gnu++14";
				CLANG_CXX_LIBRARY = "libc++";
				CLANG_ENABLE_MODULES = YES;
				CLANG_ENABLE_OBJC_ARC = YES;
				CLANG_WARN_BLOCK_CAPTURE_AUTORELEASING = YES;
				CLANG_WARN_BOOL_CONVERSION = YES;
				CLANG_WARN_COMMA = YES;
				CLANG_WARN_CONSTANT_CONVERSION = YES;
				CLANG_WARN_DEPRECATED_OBJC_IMPLEMENTATIONS = YES;
				CLANG_WARN_DIRECT_OBJC_ISA_USAGE = YES_ERROR;
				CLANG_WARN_DOCUMENTATION_COMMENTS = YES;
				CLANG_WARN_EMPTY_BODY = YES;
				CLANG_WARN_ENUM_CONVERSION = YES;
				CLANG_WARN_INFINITE_RECURSION = YES;
				CLANG_WARN_INT_CONVERSION = YES;
				CLANG_WARN_NON_LITERAL_NULL_CONVERSION = YES;
				CLANG_WARN_OBJC_IMPLICIT_RETAIN_SELF = YES;
				CLANG_WARN_OBJC_LITERAL_CONVERSION = YES;
				CLANG_WARN_OBJC_ROOT_CLASS = YES_ERROR;
				CLANG_WARN_RANGE_LOOP_ANALYSIS = YES;
				CLANG_WARN_STRICT_PROTOTYPES = YES;
				CLANG_WARN_SUSPICIOUS_MOVE = YES;
				CLANG_WARN_UNGUARDED_AVAILABILITY = YES_AGGRESSIVE;
				CLANG_WARN_UNREACHABLE_CODE = YES;
				CLANG_WARN__DUPLICATE_METHOD_MATCH = YES;
				CODE_SIGN_IDENTITY = "Mac Developer";
				COPY_PHASE_STRIP = NO;
				DEBUG_INFORMATION_FORMAT = "dwarf-with-dsym";
				ENABLE_NS_ASSERTIONS = NO;
				ENABLE_STRICT_OBJC_MSGSEND = YES;
				GCC_C_LANGUAGE_STANDARD = gnu11;
				GCC_NO_COMMON_BLOCKS = YES;
				GCC_WARN_64_TO_32_BIT_CONVERSION = YES;
				GCC_WARN_ABOUT_RETURN_TYPE = YES_ERROR;
				GCC_WARN_UNDECLARED_SELECTOR = YES;
				GCC_WARN_UNINITIALIZED_AUTOS = YES_AGGRESSIVE;
				GCC_WARN_UNUSED_FUNCTION = YES;
				GCC_WARN_UNUSED_VARIABLE = YES;
				MACOSX_DEPLOYMENT_TARGET = 10.11;
				MTL_ENABLE_DEBUG_INFO = NO;
				SDKROOT = macosx;
				SWIFT_OPTIMIZATION_LEVEL = "-Owholemodule";
			};
			name = Release;
		};
		4C6288E42068E19200BF61A5 /* Debug */ = {
			isa = XCBuildConfiguration;
			buildSettings = {
				ASSETCATALOG_COMPILER_APPICON_NAME = AppIcon;
				CLANG_ENABLE_MODULES = YES;
				CODE_SIGN_STYLE = Automatic;
				COMBINE_HIDPI_IMAGES = YES;
				DEVELOPMENT_TEAM = H3QAP7M2S2;
				INFOPLIST_FILE = Temperature/Info.plist;
				LD_RUNPATH_SEARCH_PATHS = "$(inherited) @executable_path/../Frameworks";
				PRODUCT_BUNDLE_IDENTIFIER = com.thnuth.Temperature;
				PRODUCT_NAME = "$(TARGET_NAME)";
				SWIFT_OBJC_BRIDGING_HEADER = "Temperature-Bridging-Header.h";
				SWIFT_OPTIMIZATION_LEVEL = "-Onone";
				SWIFT_VERSION = 4.2;
			};
			name = Debug;
		};
		4C6288E52068E19200BF61A5 /* Release */ = {
			isa = XCBuildConfiguration;
			buildSettings = {
				ASSETCATALOG_COMPILER_APPICON_NAME = AppIcon;
				CLANG_ENABLE_MODULES = YES;
				CODE_SIGN_STYLE = Automatic;
				COMBINE_HIDPI_IMAGES = YES;
				DEVELOPMENT_TEAM = H3QAP7M2S2;
				INFOPLIST_FILE = Temperature/Info.plist;
				LD_RUNPATH_SEARCH_PATHS = "$(inherited) @executable_path/../Frameworks";
				PRODUCT_BUNDLE_IDENTIFIER = com.thnuth.Temperature;
				PRODUCT_NAME = "$(TARGET_NAME)";
				SWIFT_OBJC_BRIDGING_HEADER = "Temperature-Bridging-Header.h";
				SWIFT_VERSION = 4.2;
			};
			name = Release;
		};
		66800FF42135B4CF003FC1E1 /* Debug */ = {
			isa = XCBuildConfiguration;
			buildSettings = {
				BUNDLE_LOADER = "$(TEST_HOST)";
				CLANG_ENABLE_OBJC_WEAK = YES;
				CLANG_WARN_DEPRECATED_OBJC_IMPLEMENTATIONS = YES;
				CLANG_WARN_OBJC_IMPLICIT_RETAIN_SELF = YES;
				CODE_SIGN_STYLE = Automatic;
				COMBINE_HIDPI_IMAGES = YES;
				DEVELOPMENT_TEAM = H3QAP7M2S2;
				INFOPLIST_FILE = TemperatureTests/Info.plist;
				LD_RUNPATH_SEARCH_PATHS = "$(inherited) @executable_path/../Frameworks @loader_path/../Frameworks";
				MACOSX_DEPLOYMENT_TARGET = 10.13;
				PRODUCT_BUNDLE_IDENTIFIER = com.hardcode.TemperatureTests;
				PRODUCT_NAME = "$(TARGET_NAME)";
				SWIFT_VERSION = 4.2;
				TEST_HOST = "$(BUILT_PRODUCTS_DIR)/Temperature.app/Contents/MacOS/Temperature";
			};
			name = Debug;
		};
		66800FF52135B4CF003FC1E1 /* Release */ = {
			isa = XCBuildConfiguration;
			buildSettings = {
				BUNDLE_LOADER = "$(TEST_HOST)";
				CLANG_ENABLE_OBJC_WEAK = YES;
				CLANG_WARN_DEPRECATED_OBJC_IMPLEMENTATIONS = YES;
				CLANG_WARN_OBJC_IMPLICIT_RETAIN_SELF = YES;
				CODE_SIGN_STYLE = Automatic;
				COMBINE_HIDPI_IMAGES = YES;
				DEVELOPMENT_TEAM = H3QAP7M2S2;
				INFOPLIST_FILE = TemperatureTests/Info.plist;
				LD_RUNPATH_SEARCH_PATHS = "$(inherited) @executable_path/../Frameworks @loader_path/../Frameworks";
				MACOSX_DEPLOYMENT_TARGET = 10.13;
				PRODUCT_BUNDLE_IDENTIFIER = com.hardcode.TemperatureTests;
				PRODUCT_NAME = "$(TARGET_NAME)";
				SWIFT_VERSION = 4.2;
				TEST_HOST = "$(BUILT_PRODUCTS_DIR)/Temperature.app/Contents/MacOS/Temperature";
			};
			name = Release;
		};
/* End XCBuildConfiguration section */

/* Begin XCConfigurationList section */
		4C6288D02068E19200BF61A5 /* Build configuration list for PBXProject "Temperature" */ = {
			isa = XCConfigurationList;
			buildConfigurations = (
				4C6288E12068E19200BF61A5 /* Debug */,
				4C6288E22068E19200BF61A5 /* Release */,
			);
			defaultConfigurationIsVisible = 0;
			defaultConfigurationName = Release;
		};
		4C6288E32068E19200BF61A5 /* Build configuration list for PBXNativeTarget "Temperature" */ = {
			isa = XCConfigurationList;
			buildConfigurations = (
				4C6288E42068E19200BF61A5 /* Debug */,
				4C6288E52068E19200BF61A5 /* Release */,
			);
			defaultConfigurationIsVisible = 0;
			defaultConfigurationName = Release;
		};
		66800FF62135B4CF003FC1E1 /* Build configuration list for PBXNativeTarget "TemperatureTests" */ = {
			isa = XCConfigurationList;
			buildConfigurations = (
				66800FF42135B4CF003FC1E1 /* Debug */,
				66800FF52135B4CF003FC1E1 /* Release */,
			);
			defaultConfigurationIsVisible = 0;
			defaultConfigurationName = Release;
		};
/* End XCConfigurationList section */
	};
	rootObject = 4C6288CD2068E19200BF61A5 /* Project object */;
}
